// !$*UTF8*$!
{
	archiveVersion = 1;
	classes = {
	};
	objectVersion = 56;
	objects = {

/* Begin PBXBuildFile section */
		8343390029BD775200BF0C5B /* CharacterListView.swift in Sources */ = {isa = PBXBuildFile; fileRef = 834338FF29BD775200BF0C5B /* CharacterListView.swift */; };
		83AF0B5E29BD1BA900ED38AC /* RMGetAllCharactersResponse.swift in Sources */ = {isa = PBXBuildFile; fileRef = 83AF0B5D29BD1BA900ED38AC /* RMGetAllCharactersResponse.swift */; };
		83AF0B6429BD32C900ED38AC /* Extencions.swift in Sources */ = {isa = PBXBuildFile; fileRef = 83AF0B6329BD32C900ED38AC /* Extencions.swift */; };
		83B220EA29BB48F200677BBF /* AppDelegate.swift in Sources */ = {isa = PBXBuildFile; fileRef = 83B220E929BB48F200677BBF /* AppDelegate.swift */; };
		83B220EC29BB48F200677BBF /* SceneDelegate.swift in Sources */ = {isa = PBXBuildFile; fileRef = 83B220EB29BB48F200677BBF /* SceneDelegate.swift */; };
		83B220F329BB48F300677BBF /* Assets.xcassets in Resources */ = {isa = PBXBuildFile; fileRef = 83B220F229BB48F300677BBF /* Assets.xcassets */; };
		83B220F629BB48F300677BBF /* LaunchScreen.storyboard in Resources */ = {isa = PBXBuildFile; fileRef = 83B220F429BB48F300677BBF /* LaunchScreen.storyboard */; };
		83B2210529BB4D6600677BBF /* RMLocation.swift in Sources */ = {isa = PBXBuildFile; fileRef = 83B2210429BB4D6600677BBF /* RMLocation.swift */; };
		83B2210729BB4D7D00677BBF /* RMCharacter.swift in Sources */ = {isa = PBXBuildFile; fileRef = 83B2210629BB4D7D00677BBF /* RMCharacter.swift */; };
		83B2210929BB4D8A00677BBF /* RMEpisode.swift in Sources */ = {isa = PBXBuildFile; fileRef = 83B2210829BB4D8A00677BBF /* RMEpisode.swift */; };
		83B2210C29BB4EE900677BBF /* RMCharacterViewController.swift in Sources */ = {isa = PBXBuildFile; fileRef = 83B2210B29BB4EE900677BBF /* RMCharacterViewController.swift */; };
		83B2210E29BB4F0100677BBF /* RMLocarionViewController.swift in Sources */ = {isa = PBXBuildFile; fileRef = 83B2210D29BB4F0100677BBF /* RMLocarionViewController.swift */; };
		83B2211229BB4F2400677BBF /* RMSettingsViewController.swift in Sources */ = {isa = PBXBuildFile; fileRef = 83B2211129BB4F2400677BBF /* RMSettingsViewController.swift */; };
		83B2211429BB670700677BBF /* RMService.swift in Sources */ = {isa = PBXBuildFile; fileRef = 83B2211329BB670700677BBF /* RMService.swift */; };
		83B2211629BB674400677BBF /* RMRequest.swift in Sources */ = {isa = PBXBuildFile; fileRef = 83B2211529BB674400677BBF /* RMRequest.swift */; };
		83B2211A29BBE26A00677BBF /* RMOrigin.swift in Sources */ = {isa = PBXBuildFile; fileRef = 83B2211929BBE26A00677BBF /* RMOrigin.swift */; };
		83B2211C29BBE38F00677BBF /* RMSingleLocation.swift in Sources */ = {isa = PBXBuildFile; fileRef = 83B2211B29BBE38F00677BBF /* RMSingleLocation.swift */; };
		83B2211E29BBE6D100677BBF /* RMCharacterStatus.swift in Sources */ = {isa = PBXBuildFile; fileRef = 83B2211D29BBE6D100677BBF /* RMCharacterStatus.swift */; };
		83B2212029BBE71200677BBF /* RMCharacterGender.swift in Sources */ = {isa = PBXBuildFile; fileRef = 83B2211F29BBE71200677BBF /* RMCharacterGender.swift */; };
		83BEC81A29BD89D100DFB9F3 /* Core in Resources */ = {isa = PBXBuildFile; fileRef = 83BEC81929BD89D100DFB9F3 /* Core */; };
		83BEC81E29BD89EE00DFB9F3 /* RMEpisodeViewController.swift in Sources */ = {isa = PBXBuildFile; fileRef = 83BEC81D29BD89ED00DFB9F3 /* RMEpisodeViewController.swift */; };
		83BEC82229BD89FE00DFB9F3 /* RMTabViewController.swift in Sources */ = {isa = PBXBuildFile; fileRef = 83BEC82129BD89FE00DFB9F3 /* RMTabViewController.swift */; };
		83BEC82629BD8A4A00DFB9F3 /* CharacterListViewViewModel.swift in Sources */ = {isa = PBXBuildFile; fileRef = 83BEC82529BD8A4A00DFB9F3 /* CharacterListViewViewModel.swift */; };
		83BEC82829BD8ACB00DFB9F3 /* RMEndpoint.swift in Sources */ = {isa = PBXBuildFile; fileRef = 83BEC82729BD8ACB00DFB9F3 /* RMEndpoint.swift */; };
/* End PBXBuildFile section */

/* Begin PBXFileReference section */
		834338FF29BD775200BF0C5B /* CharacterListView.swift */ = {isa = PBXFileReference; lastKnownFileType = sourcecode.swift; path = CharacterListView.swift; sourceTree = "<group>"; };
		83AF0B5D29BD1BA900ED38AC /* RMGetAllCharactersResponse.swift */ = {isa = PBXFileReference; lastKnownFileType = sourcecode.swift; path = RMGetAllCharactersResponse.swift; sourceTree = "<group>"; };
		83AF0B6329BD32C900ED38AC /* Extencions.swift */ = {isa = PBXFileReference; lastKnownFileType = sourcecode.swift; path = Extencions.swift; sourceTree = "<group>"; };
		83B220E629BB48F200677BBF /* Rick&Morty.app */ = {isa = PBXFileReference; explicitFileType = wrapper.application; includeInIndex = 0; path = "Rick&Morty.app"; sourceTree = BUILT_PRODUCTS_DIR; };
		83B220E929BB48F200677BBF /* AppDelegate.swift */ = {isa = PBXFileReference; lastKnownFileType = sourcecode.swift; path = AppDelegate.swift; sourceTree = "<group>"; };
		83B220EB29BB48F200677BBF /* SceneDelegate.swift */ = {isa = PBXFileReference; lastKnownFileType = sourcecode.swift; path = SceneDelegate.swift; sourceTree = "<group>"; };
		83B220F229BB48F300677BBF /* Assets.xcassets */ = {isa = PBXFileReference; lastKnownFileType = folder.assetcatalog; path = Assets.xcassets; sourceTree = "<group>"; };
		83B220F529BB48F300677BBF /* Base */ = {isa = PBXFileReference; lastKnownFileType = file.storyboard; name = Base; path = Base.lproj/LaunchScreen.storyboard; sourceTree = "<group>"; };
		83B220F729BB48F300677BBF /* Info.plist */ = {isa = PBXFileReference; lastKnownFileType = text.plist.xml; path = Info.plist; sourceTree = "<group>"; };
		83B2210429BB4D6600677BBF /* RMLocation.swift */ = {isa = PBXFileReference; lastKnownFileType = sourcecode.swift; path = RMLocation.swift; sourceTree = "<group>"; };
		83B2210629BB4D7D00677BBF /* RMCharacter.swift */ = {isa = PBXFileReference; lastKnownFileType = sourcecode.swift; path = RMCharacter.swift; sourceTree = "<group>"; };
		83B2210829BB4D8A00677BBF /* RMEpisode.swift */ = {isa = PBXFileReference; lastKnownFileType = sourcecode.swift; path = RMEpisode.swift; sourceTree = "<group>"; };
		83B2210B29BB4EE900677BBF /* RMCharacterViewController.swift */ = {isa = PBXFileReference; lastKnownFileType = sourcecode.swift; path = RMCharacterViewController.swift; sourceTree = "<group>"; };
		83B2210D29BB4F0100677BBF /* RMLocarionViewController.swift */ = {isa = PBXFileReference; lastKnownFileType = sourcecode.swift; path = RMLocarionViewController.swift; sourceTree = "<group>"; };
		83B2211129BB4F2400677BBF /* RMSettingsViewController.swift */ = {isa = PBXFileReference; lastKnownFileType = sourcecode.swift; path = RMSettingsViewController.swift; sourceTree = "<group>"; };
		83B2211329BB670700677BBF /* RMService.swift */ = {isa = PBXFileReference; lastKnownFileType = sourcecode.swift; path = RMService.swift; sourceTree = "<group>"; };
		83B2211529BB674400677BBF /* RMRequest.swift */ = {isa = PBXFileReference; lastKnownFileType = sourcecode.swift; path = RMRequest.swift; sourceTree = "<group>"; };
		83B2211929BBE26A00677BBF /* RMOrigin.swift */ = {isa = PBXFileReference; lastKnownFileType = sourcecode.swift; path = RMOrigin.swift; sourceTree = "<group>"; };
		83B2211B29BBE38F00677BBF /* RMSingleLocation.swift */ = {isa = PBXFileReference; lastKnownFileType = sourcecode.swift; path = RMSingleLocation.swift; sourceTree = "<group>"; };
		83B2211D29BBE6D100677BBF /* RMCharacterStatus.swift */ = {isa = PBXFileReference; lastKnownFileType = sourcecode.swift; path = RMCharacterStatus.swift; sourceTree = "<group>"; };
		83B2211F29BBE71200677BBF /* RMCharacterGender.swift */ = {isa = PBXFileReference; lastKnownFileType = sourcecode.swift; path = RMCharacterGender.swift; sourceTree = "<group>"; };
		83BEC81929BD89D100DFB9F3 /* Core */ = {isa = PBXFileReference; fileEncoding = 4; lastKnownFileType = text; name = Core; path = "Rick&Morty/Core"; sourceTree = SOURCE_ROOT; };
		83BEC81D29BD89ED00DFB9F3 /* RMEpisodeViewController.swift */ = {isa = PBXFileReference; lastKnownFileType = sourcecode.swift; path = RMEpisodeViewController.swift; sourceTree = "<group>"; };
		83BEC82129BD89FE00DFB9F3 /* RMTabViewController.swift */ = {isa = PBXFileReference; lastKnownFileType = sourcecode.swift; path = RMTabViewController.swift; sourceTree = "<group>"; };
		83BEC82529BD8A4A00DFB9F3 /* CharacterListViewViewModel.swift */ = {isa = PBXFileReference; fileEncoding = 4; lastKnownFileType = sourcecode.swift; name = CharacterListViewViewModel.swift; path = ViewModels/CharacterListViewViewModel.swift; sourceTree = "<group>"; };
		83BEC82729BD8ACB00DFB9F3 /* RMEndpoint.swift */ = {isa = PBXFileReference; lastKnownFileType = sourcecode.swift; path = RMEndpoint.swift; sourceTree = "<group>"; };
/* End PBXFileReference section */

/* Begin PBXFrameworksBuildPhase section */
		83B220E329BB48F200677BBF /* Frameworks */ = {
			isa = PBXFrameworksBuildPhase;
			buildActionMask = 2147483647;
			files = (
			);
			runOnlyForDeploymentPostprocessing = 0;
		};
/* End PBXFrameworksBuildPhase section */

/* Begin PBXGroup section */
		834338FB29BD762400BF0C5B /* Views */ = {
			isa = PBXGroup;
			children = (
				834338FF29BD775200BF0C5B /* CharacterListView.swift */,
			);
			path = Views;
			sourceTree = "<group>";
		};
		834338FC29BD763800BF0C5B /* ViewModels */ = {
			isa = PBXGroup;
			children = (
				83BEC82529BD8A4A00DFB9F3 /* CharacterListViewViewModel.swift */,
			);
			path = ViewModels;
			sourceTree = "<group>";
		};
		83AF0B5B29BD1B6600ED38AC /* DataTypes */ = {
			isa = PBXGroup;
			children = (
				83B2210429BB4D6600677BBF /* RMLocation.swift */,
				83B2210629BB4D7D00677BBF /* RMCharacter.swift */,
				83B2210829BB4D8A00677BBF /* RMEpisode.swift */,
				83B2211929BBE26A00677BBF /* RMOrigin.swift */,
				83B2211B29BBE38F00677BBF /* RMSingleLocation.swift */,
				83B2211D29BBE6D100677BBF /* RMCharacterStatus.swift */,
				83B2211F29BBE71200677BBF /* RMCharacterGender.swift */,
			);
			path = DataTypes;
			sourceTree = "<group>";
		};
		83AF0B5C29BD1B8600ED38AC /* APIResponseTypes */ = {
			isa = PBXGroup;
			children = (
				83AF0B5D29BD1BA900ED38AC /* RMGetAllCharactersResponse.swift */,
			);
			path = APIResponseTypes;
			sourceTree = "<group>";
		};
		83B220DD29BB48F200677BBF = {
			isa = PBXGroup;
			children = (
				83B220E829BB48F200677BBF /* Rick&Morty */,
				83B220E729BB48F200677BBF /* Products */,
			);
			sourceTree = "<group>";
		};
		83B220E729BB48F200677BBF /* Products */ = {
			isa = PBXGroup;
			children = (
				83B220E629BB48F200677BBF /* Rick&Morty.app */,
			);
			name = Products;
			sourceTree = "<group>";
		};
		83B220E829BB48F200677BBF /* Rick&Morty */ = {
			isa = PBXGroup;
			children = (
				834338FC29BD763800BF0C5B /* ViewModels */,
				834338FB29BD762400BF0C5B /* Views */,
				83B2210329BB4C8000677BBF /* Resources */,
				83B2210129BB4C6E00677BBF /* API Clients */,
				83B220FE29BB4BC000677BBF /* Models */,
				83B220FD29BB4BB000677BBF /* Controllers */,
				83B220F729BB48F300677BBF /* Info.plist */,
			);
			path = "Rick&Morty";
			sourceTree = "<group>";
		};
		83B220FD29BB4BB000677BBF /* Controllers */ = {
			isa = PBXGroup;
			children = (
				83B2210A29BB4E9A00677BBF /* Core */,
			);
			path = Controllers;
			sourceTree = "<group>";
		};
		83B220FE29BB4BC000677BBF /* Models */ = {
			isa = PBXGroup;
			children = (
				83AF0B5C29BD1B8600ED38AC /* APIResponseTypes */,
				83AF0B5B29BD1B6600ED38AC /* DataTypes */,
			);
			path = Models;
			sourceTree = "<group>";
		};
		83B2210129BB4C6E00677BBF /* API Clients */ = {
			isa = PBXGroup;
			children = (
				83B2211329BB670700677BBF /* RMService.swift */,
				83B2211529BB674400677BBF /* RMRequest.swift */,
				83BEC82729BD8ACB00DFB9F3 /* RMEndpoint.swift */,
			);
			path = "API Clients";
			sourceTree = "<group>";
		};
		83B2210329BB4C8000677BBF /* Resources */ = {
			isa = PBXGroup;
			children = (
				83B220F229BB48F300677BBF /* Assets.xcassets */,
				83B220F429BB48F300677BBF /* LaunchScreen.storyboard */,
				83B220E929BB48F200677BBF /* AppDelegate.swift */,
				83B220EB29BB48F200677BBF /* SceneDelegate.swift */,
				83AF0B6329BD32C900ED38AC /* Extencions.swift */,
			);
			path = Resources;
			sourceTree = "<group>";
		};
		83B2210A29BB4E9A00677BBF /* Core */ = {
			isa = PBXGroup;
			children = (
				83BEC81929BD89D100DFB9F3 /* Core */,
				83BEC82129BD89FE00DFB9F3 /* RMTabViewController.swift */,
				83B2210B29BB4EE900677BBF /* RMCharacterViewController.swift */,
				83B2210D29BB4F0100677BBF /* RMLocarionViewController.swift */,
				83BEC81D29BD89ED00DFB9F3 /* RMEpisodeViewController.swift */,
				83B2211129BB4F2400677BBF /* RMSettingsViewController.swift */,
			);
			path = Core;
			sourceTree = "<group>";
		};
/* End PBXGroup section */

/* Begin PBXNativeTarget section */
		83B220E529BB48F200677BBF /* Rick&Morty */ = {
			isa = PBXNativeTarget;
			buildConfigurationList = 83B220FA29BB48F300677BBF /* Build configuration list for PBXNativeTarget "Rick&Morty" */;
			buildPhases = (
				83B220E229BB48F200677BBF /* Sources */,
				83B220E329BB48F200677BBF /* Frameworks */,
				83B220E429BB48F200677BBF /* Resources */,
			);
			buildRules = (
			);
			dependencies = (
			);
			name = "Rick&Morty";
			productName = "Rick&Morty";
			productReference = 83B220E629BB48F200677BBF /* Rick&Morty.app */;
			productType = "com.apple.product-type.application";
		};
/* End PBXNativeTarget section */

/* Begin PBXProject section */
		83B220DE29BB48F200677BBF /* Project object */ = {
			isa = PBXProject;
			attributes = {
				BuildIndependentTargetsInParallel = 1;
				LastSwiftUpdateCheck = 1410;
				LastUpgradeCheck = 1410;
				TargetAttributes = {
					83B220E529BB48F200677BBF = {
						CreatedOnToolsVersion = 14.1;
					};
				};
			};
			buildConfigurationList = 83B220E129BB48F200677BBF /* Build configuration list for PBXProject "Rick&Morty" */;
			compatibilityVersion = "Xcode 14.0";
			developmentRegion = en;
			hasScannedForEncodings = 0;
			knownRegions = (
				en,
				Base,
			);
			mainGroup = 83B220DD29BB48F200677BBF;
			productRefGroup = 83B220E729BB48F200677BBF /* Products */;
			projectDirPath = "";
			projectRoot = "";
			targets = (
				83B220E529BB48F200677BBF /* Rick&Morty */,
			);
		};
/* End PBXProject section */

/* Begin PBXResourcesBuildPhase section */
		83B220E429BB48F200677BBF /* Resources */ = {
			isa = PBXResourcesBuildPhase;
			buildActionMask = 2147483647;
			files = (
				83B220F629BB48F300677BBF /* LaunchScreen.storyboard in Resources */,
				83B220F329BB48F300677BBF /* Assets.xcassets in Resources */,
				83BEC81A29BD89D100DFB9F3 /* Core in Resources */,
			);
			runOnlyForDeploymentPostprocessing = 0;
		};
/* End PBXResourcesBuildPhase section */

/* Begin PBXSourcesBuildPhase section */
		83B220E229BB48F200677BBF /* Sources */ = {
			isa = PBXSourcesBuildPhase;
			buildActionMask = 2147483647;
			files = (
				83B2211A29BBE26A00677BBF /* RMOrigin.swift in Sources */,
				83B2211C29BBE38F00677BBF /* RMSingleLocation.swift in Sources */,
				83B2211E29BBE6D100677BBF /* RMCharacterStatus.swift in Sources */,
				83B2212029BBE71200677BBF /* RMCharacterGender.swift in Sources */,
				83B2210929BB4D8A00677BBF /* RMEpisode.swift in Sources */,
				83AF0B6429BD32C900ED38AC /* Extencions.swift in Sources */,
				83B220EA29BB48F200677BBF /* AppDelegate.swift in Sources */,
				83B220EC29BB48F200677BBF /* SceneDelegate.swift in Sources */,
				83B2210529BB4D6600677BBF /* RMLocation.swift in Sources */,
				83B2211229BB4F2400677BBF /* RMSettingsViewController.swift in Sources */,
				83BEC82229BD89FE00DFB9F3 /* RMTabViewController.swift in Sources */,
				83B2211429BB670700677BBF /* RMService.swift in Sources */,
				83BEC82829BD8ACB00DFB9F3 /* RMEndpoint.swift in Sources */,
				83AF0B5E29BD1BA900ED38AC /* RMGetAllCharactersResponse.swift in Sources */,
				83B2210729BB4D7D00677BBF /* RMCharacter.swift in Sources */,
				8343390029BD775200BF0C5B /* CharacterListView.swift in Sources */,
				83B2210E29BB4F0100677BBF /* RMLocarionViewController.swift in Sources */,
				83B2211629BB674400677BBF /* RMRequest.swift in Sources */,
				83BEC81E29BD89EE00DFB9F3 /* RMEpisodeViewController.swift in Sources */,
				83BEC82629BD8A4A00DFB9F3 /* CharacterListViewViewModel.swift in Sources */,
				83B2210C29BB4EE900677BBF /* RMCharacterViewController.swift in Sources */,
			);
			runOnlyForDeploymentPostprocessing = 0;
		};
/* End PBXSourcesBuildPhase section */

/* Begin PBXVariantGroup section */
		83B220F429BB48F300677BBF /* LaunchScreen.storyboard */ = {
			isa = PBXVariantGroup;
			children = (
				83B220F529BB48F300677BBF /* Base */,
			);
			name = LaunchScreen.storyboard;
			sourceTree = "<group>";
		};
/* End PBXVariantGroup section */

/* Begin XCBuildConfiguration section */
		83B220F829BB48F300677BBF /* Debug */ = {
			isa = XCBuildConfiguration;
			buildSettings = {
				ALWAYS_SEARCH_USER_PATHS = NO;
				CLANG_ANALYZER_NONNULL = YES;
				CLANG_ANALYZER_NUMBER_OBJECT_CONVERSION = YES_AGGRESSIVE;
				CLANG_CXX_LANGUAGE_STANDARD = "gnu++20";
				CLANG_ENABLE_MODULES = YES;
				CLANG_ENABLE_OBJC_ARC = YES;
				CLANG_ENABLE_OBJC_WEAK = YES;
				CLANG_WARN_BLOCK_CAPTURE_AUTORELEASING = YES;
				CLANG_WARN_BOOL_CONVERSION = YES;
				CLANG_WARN_COMMA = YES;
				CLANG_WARN_CONSTANT_CONVERSION = YES;
				CLANG_WARN_DEPRECATED_OBJC_IMPLEMENTATIONS = YES;
				CLANG_WARN_DIRECT_OBJC_ISA_USAGE = YES_ERROR;
				CLANG_WARN_DOCUMENTATION_COMMENTS = YES;
				CLANG_WARN_EMPTY_BODY = YES;
				CLANG_WARN_ENUM_CONVERSION = YES;
				CLANG_WARN_INFINITE_RECURSION = YES;
				CLANG_WARN_INT_CONVERSION = YES;
				CLANG_WARN_NON_LITERAL_NULL_CONVERSION = YES;
				CLANG_WARN_OBJC_IMPLICIT_RETAIN_SELF = YES;
				CLANG_WARN_OBJC_LITERAL_CONVERSION = YES;
				CLANG_WARN_OBJC_ROOT_CLASS = YES_ERROR;
				CLANG_WARN_QUOTED_INCLUDE_IN_FRAMEWORK_HEADER = YES;
				CLANG_WARN_RANGE_LOOP_ANALYSIS = YES;
				CLANG_WARN_STRICT_PROTOTYPES = YES;
				CLANG_WARN_SUSPICIOUS_MOVE = YES;
				CLANG_WARN_UNGUARDED_AVAILABILITY = YES_AGGRESSIVE;
				CLANG_WARN_UNREACHABLE_CODE = YES;
				CLANG_WARN__DUPLICATE_METHOD_MATCH = YES;
				COPY_PHASE_STRIP = NO;
				DEBUG_INFORMATION_FORMAT = dwarf;
				ENABLE_STRICT_OBJC_MSGSEND = YES;
				ENABLE_TESTABILITY = YES;
				GCC_C_LANGUAGE_STANDARD = gnu11;
				GCC_DYNAMIC_NO_PIC = NO;
				GCC_NO_COMMON_BLOCKS = YES;
				GCC_OPTIMIZATION_LEVEL = 0;
				GCC_PREPROCESSOR_DEFINITIONS = (
					"DEBUG=1",
					"$(inherited)",
				);
				GCC_WARN_64_TO_32_BIT_CONVERSION = YES;
				GCC_WARN_ABOUT_RETURN_TYPE = YES_ERROR;
				GCC_WARN_UNDECLARED_SELECTOR = YES;
				GCC_WARN_UNINITIALIZED_AUTOS = YES_AGGRESSIVE;
				GCC_WARN_UNUSED_FUNCTION = YES;
				GCC_WARN_UNUSED_VARIABLE = YES;
				IPHONEOS_DEPLOYMENT_TARGET = 16.1;
				MTL_ENABLE_DEBUG_INFO = INCLUDE_SOURCE;
				MTL_FAST_MATH = YES;
				ONLY_ACTIVE_ARCH = YES;
				SDKROOT = iphoneos;
				SWIFT_ACTIVE_COMPILATION_CONDITIONS = DEBUG;
				SWIFT_OPTIMIZATION_LEVEL = "-Onone";
			};
			name = Debug;
		};
		83B220F929BB48F300677BBF /* Release */ = {
			isa = XCBuildConfiguration;
			buildSettings = {
				ALWAYS_SEARCH_USER_PATHS = NO;
				CLANG_ANALYZER_NONNULL = YES;
				CLANG_ANALYZER_NUMBER_OBJECT_CONVERSION = YES_AGGRESSIVE;
				CLANG_CXX_LANGUAGE_STANDARD = "gnu++20";
				CLANG_ENABLE_MODULES = YES;
				CLANG_ENABLE_OBJC_ARC = YES;
				CLANG_ENABLE_OBJC_WEAK = YES;
				CLANG_WARN_BLOCK_CAPTURE_AUTORELEASING = YES;
				CLANG_WARN_BOOL_CONVERSION = YES;
				CLANG_WARN_COMMA = YES;
				CLANG_WARN_CONSTANT_CONVERSION = YES;
				CLANG_WARN_DEPRECATED_OBJC_IMPLEMENTATIONS = YES;
				CLANG_WARN_DIRECT_OBJC_ISA_USAGE = YES_ERROR;
				CLANG_WARN_DOCUMENTATION_COMMENTS = YES;
				CLANG_WARN_EMPTY_BODY = YES;
				CLANG_WARN_ENUM_CONVERSION = YES;
				CLANG_WARN_INFINITE_RECURSION = YES;
				CLANG_WARN_INT_CONVERSION = YES;
				CLANG_WARN_NON_LITERAL_NULL_CONVERSION = YES;
				CLANG_WARN_OBJC_IMPLICIT_RETAIN_SELF = YES;
				CLANG_WARN_OBJC_LITERAL_CONVERSION = YES;
				CLANG_WARN_OBJC_ROOT_CLASS = YES_ERROR;
				CLANG_WARN_QUOTED_INCLUDE_IN_FRAMEWORK_HEADER = YES;
				CLANG_WARN_RANGE_LOOP_ANALYSIS = YES;
				CLANG_WARN_STRICT_PROTOTYPES = YES;
				CLANG_WARN_SUSPICIOUS_MOVE = YES;
				CLANG_WARN_UNGUARDED_AVAILABILITY = YES_AGGRESSIVE;
				CLANG_WARN_UNREACHABLE_CODE = YES;
				CLANG_WARN__DUPLICATE_METHOD_MATCH = YES;
				COPY_PHASE_STRIP = NO;
				DEBUG_INFORMATION_FORMAT = "dwarf-with-dsym";
				ENABLE_NS_ASSERTIONS = NO;
				ENABLE_STRICT_OBJC_MSGSEND = YES;
				GCC_C_LANGUAGE_STANDARD = gnu11;
				GCC_NO_COMMON_BLOCKS = YES;
				GCC_WARN_64_TO_32_BIT_CONVERSION = YES;
				GCC_WARN_ABOUT_RETURN_TYPE = YES_ERROR;
				GCC_WARN_UNDECLARED_SELECTOR = YES;
				GCC_WARN_UNINITIALIZED_AUTOS = YES_AGGRESSIVE;
				GCC_WARN_UNUSED_FUNCTION = YES;
				GCC_WARN_UNUSED_VARIABLE = YES;
				IPHONEOS_DEPLOYMENT_TARGET = 16.1;
				MTL_ENABLE_DEBUG_INFO = NO;
				MTL_FAST_MATH = YES;
				SDKROOT = iphoneos;
				SWIFT_COMPILATION_MODE = wholemodule;
				SWIFT_OPTIMIZATION_LEVEL = "-O";
				VALIDATE_PRODUCT = YES;
			};
			name = Release;
		};
		83B220FB29BB48F300677BBF /* Debug */ = {
			isa = XCBuildConfiguration;
			buildSettings = {
				ASSETCATALOG_COMPILER_APPICON_NAME = AppIcon;
				ASSETCATALOG_COMPILER_GLOBAL_ACCENT_COLOR_NAME = AccentColor;
				CODE_SIGN_STYLE = Automatic;
				CURRENT_PROJECT_VERSION = 1;
				DEVELOPMENT_TEAM = 87BPR4AGQ8;
				GENERATE_INFOPLIST_FILE = YES;
				INFOPLIST_FILE = "Rick&Morty/Info.plist";
				INFOPLIST_KEY_UIApplicationSupportsIndirectInputEvents = YES;
				INFOPLIST_KEY_UILaunchStoryboardName = LaunchScreen;
				INFOPLIST_KEY_UISupportedInterfaceOrientations_iPad = "UIInterfaceOrientationPortrait UIInterfaceOrientationPortraitUpsideDown UIInterfaceOrientationLandscapeLeft UIInterfaceOrientationLandscapeRight";
				INFOPLIST_KEY_UISupportedInterfaceOrientations_iPhone = "UIInterfaceOrientationPortrait UIInterfaceOrientationLandscapeLeft UIInterfaceOrientationLandscapeRight";
				LD_RUNPATH_SEARCH_PATHS = (
					"$(inherited)",
					"@executable_path/Frameworks",
				);
				MARKETING_VERSION = 1.0;
				PRODUCT_BUNDLE_IDENTIFIER = "caraivan.Rick-Morty";
				PRODUCT_NAME = "$(TARGET_NAME)";
				SWIFT_EMIT_LOC_STRINGS = YES;
				SWIFT_VERSION = 5.0;
				TARGETED_DEVICE_FAMILY = "1,2";
			};
			name = Debug;
		};
		83B220FC29BB48F300677BBF /* Release */ = {
			isa = XCBuildConfiguration;
			buildSettings = {
				ASSETCATALOG_COMPILER_APPICON_NAME = AppIcon;
				ASSETCATALOG_COMPILER_GLOBAL_ACCENT_COLOR_NAME = AccentColor;
				CODE_SIGN_STYLE = Automatic;
				CURRENT_PROJECT_VERSION = 1;
				DEVELOPMENT_TEAM = 87BPR4AGQ8;
				GENERATE_INFOPLIST_FILE = YES;
				INFOPLIST_FILE = "Rick&Morty/Info.plist";
				INFOPLIST_KEY_UIApplicationSupportsIndirectInputEvents = YES;
				INFOPLIST_KEY_UILaunchStoryboardName = LaunchScreen;
				INFOPLIST_KEY_UISupportedInterfaceOrientations_iPad = "UIInterfaceOrientationPortrait UIInterfaceOrientationPortraitUpsideDown UIInterfaceOrientationLandscapeLeft UIInterfaceOrientationLandscapeRight";
				INFOPLIST_KEY_UISupportedInterfaceOrientations_iPhone = "UIInterfaceOrientationPortrait UIInterfaceOrientationLandscapeLeft UIInterfaceOrientationLandscapeRight";
				LD_RUNPATH_SEARCH_PATHS = (
					"$(inherited)",
					"@executable_path/Frameworks",
				);
				MARKETING_VERSION = 1.0;
				PRODUCT_BUNDLE_IDENTIFIER = "caraivan.Rick-Morty";
				PRODUCT_NAME = "$(TARGET_NAME)";
				SWIFT_EMIT_LOC_STRINGS = YES;
				SWIFT_VERSION = 5.0;
				TARGETED_DEVICE_FAMILY = "1,2";
			};
			name = Release;
		};
/* End XCBuildConfiguration section */

/* Begin XCConfigurationList section */
		83B220E129BB48F200677BBF /* Build configuration list for PBXProject "Rick&Morty" */ = {
			isa = XCConfigurationList;
			buildConfigurations = (
				83B220F829BB48F300677BBF /* Debug */,
				83B220F929BB48F300677BBF /* Release */,
			);
			defaultConfigurationIsVisible = 0;
			defaultConfigurationName = Release;
		};
		83B220FA29BB48F300677BBF /* Build configuration list for PBXNativeTarget "Rick&Morty" */ = {
			isa = XCConfigurationList;
			buildConfigurations = (
				83B220FB29BB48F300677BBF /* Debug */,
				83B220FC29BB48F300677BBF /* Release */,
			);
			defaultConfigurationIsVisible = 0;
			defaultConfigurationName = Release;
		};
/* End XCConfigurationList section */
	};
	rootObject = 83B220DE29BB48F200677BBF /* Project object */;
}
